// !$*UTF8*$!
{
	archiveVersion = 1;
	classes = {
	};
	objectVersion = 46;
	objects = {

/* Begin PBXBuildFile section */
		3627701389E2A286B25B7AB5 /* Pods_NewBusSchedule.framework in Frameworks */ = {isa = PBXBuildFile; fileRef = C250EF9013030943AC2683DF /* Pods_NewBusSchedule.framework */; };
		726427871E90FA28004C21C5 /* Localizable.strings in Resources */ = {isa = PBXBuildFile; fileRef = 726427861E90FA28004C21C5 /* Localizable.strings */; };
		72983F5B1E859A8900DADB7E /* InfoViewController.swift in Sources */ = {isa = PBXBuildFile; fileRef = 72983F5A1E859A8900DADB7E /* InfoViewController.swift */; };
		7299C3B81E83E19F0092D9C1 /* AppDelegate.swift in Sources */ = {isa = PBXBuildFile; fileRef = 7299C3B71E83E19F0092D9C1 /* AppDelegate.swift */; };
		7299C3BD1E83E19F0092D9C1 /* Main.storyboard in Resources */ = {isa = PBXBuildFile; fileRef = 7299C3BB1E83E19F0092D9C1 /* Main.storyboard */; };
		7299C3BF1E83E19F0092D9C1 /* Assets.xcassets in Resources */ = {isa = PBXBuildFile; fileRef = 7299C3BE1E83E19F0092D9C1 /* Assets.xcassets */; };
		7299C3C21E83E19F0092D9C1 /* LaunchScreen.storyboard in Resources */ = {isa = PBXBuildFile; fileRef = 7299C3C01E83E19F0092D9C1 /* LaunchScreen.storyboard */; };
		7299C3E61E83E6B70092D9C1 /* ScheduleViewController.swift in Sources */ = {isa = PBXBuildFile; fileRef = 7299C3E51E83E6B70092D9C1 /* ScheduleViewController.swift */; };
		7299C3E81E8447C10092D9C1 /* CellFive.swift in Sources */ = {isa = PBXBuildFile; fileRef = 7299C3E71E8447C10092D9C1 /* CellFive.swift */; };
/* End PBXBuildFile section */

/* Begin PBXContainerItemProxy section */
		7299C3C91E83E19F0092D9C1 /* PBXContainerItemProxy */ = {
			isa = PBXContainerItemProxy;
			containerPortal = 7299C3AC1E83E19F0092D9C1 /* Project object */;
			proxyType = 1;
			remoteGlobalIDString = 7299C3B31E83E19F0092D9C1;
			remoteInfo = NewBusSchedule;
		};
		7299C3D41E83E19F0092D9C1 /* PBXContainerItemProxy */ = {
			isa = PBXContainerItemProxy;
			containerPortal = 7299C3AC1E83E19F0092D9C1 /* Project object */;
			proxyType = 1;
			remoteGlobalIDString = 7299C3B31E83E19F0092D9C1;
			remoteInfo = NewBusSchedule;
		};
/* End PBXContainerItemProxy section */

/* Begin PBXCopyFilesBuildPhase section */
		72983F5F1E86BA3900DADB7E /* Embed Frameworks */ = {
			isa = PBXCopyFilesBuildPhase;
			buildActionMask = 2147483647;
			dstPath = "";
			dstSubfolderSpec = 10;
			files = (
			);
			name = "Embed Frameworks";
			runOnlyForDeploymentPostprocessing = 0;
		};
/* End PBXCopyFilesBuildPhase section */

/* Begin PBXFileReference section */
		21250B3E66EF732719A96931 /* Pods-NewBusSchedule.release.xcconfig */ = {isa = PBXFileReference; includeInIndex = 1; lastKnownFileType = text.xcconfig; name = "Pods-NewBusSchedule.release.xcconfig"; path = "Pods/Target Support Files/Pods-NewBusSchedule/Pods-NewBusSchedule.release.xcconfig"; sourceTree = "<group>"; };
		4BE063626E6E4F7E4F2C01F4 /* Pods_NewBusScheduleTests.framework */ = {isa = PBXFileReference; explicitFileType = wrapper.framework; includeInIndex = 0; path = Pods_NewBusScheduleTests.framework; sourceTree = BUILT_PRODUCTS_DIR; };
		726427861E90FA28004C21C5 /* Localizable.strings */ = {isa = PBXFileReference; fileEncoding = 4; lastKnownFileType = text.plist.strings; path = Localizable.strings; sourceTree = "<group>"; };
		72983F5A1E859A8900DADB7E /* InfoViewController.swift */ = {isa = PBXFileReference; fileEncoding = 4; lastKnownFileType = sourcecode.swift; path = InfoViewController.swift; sourceTree = "<group>"; };
		7299C3B41E83E19F0092D9C1 /* NewBusSchedule.app */ = {isa = PBXFileReference; explicitFileType = wrapper.application; includeInIndex = 0; path = NewBusSchedule.app; sourceTree = BUILT_PRODUCTS_DIR; };
		7299C3B71E83E19F0092D9C1 /* AppDelegate.swift */ = {isa = PBXFileReference; lastKnownFileType = sourcecode.swift; path = AppDelegate.swift; sourceTree = "<group>"; };
		7299C3BC1E83E19F0092D9C1 /* Base */ = {isa = PBXFileReference; lastKnownFileType = file.storyboard; name = Base; path = Base.lproj/Main.storyboard; sourceTree = "<group>"; };
		7299C3BE1E83E19F0092D9C1 /* Assets.xcassets */ = {isa = PBXFileReference; lastKnownFileType = folder.assetcatalog; path = Assets.xcassets; sourceTree = "<group>"; };
		7299C3C11E83E19F0092D9C1 /* Base */ = {isa = PBXFileReference; lastKnownFileType = file.storyboard; name = Base; path = Base.lproj/LaunchScreen.storyboard; sourceTree = "<group>"; };
		7299C3C31E83E19F0092D9C1 /* Info.plist */ = {isa = PBXFileReference; lastKnownFileType = text.plist.xml; path = Info.plist; sourceTree = "<group>"; };
		7299C3C81E83E19F0092D9C1 /* NewBusScheduleTests.xctest */ = {isa = PBXFileReference; explicitFileType = wrapper.cfbundle; includeInIndex = 0; path = NewBusScheduleTests.xctest; sourceTree = BUILT_PRODUCTS_DIR; };
		7299C3D31E83E19F0092D9C1 /* NewBusScheduleUITests.xctest */ = {isa = PBXFileReference; explicitFileType = wrapper.cfbundle; includeInIndex = 0; path = NewBusScheduleUITests.xctest; sourceTree = BUILT_PRODUCTS_DIR; };
		7299C3E51E83E6B70092D9C1 /* ScheduleViewController.swift */ = {isa = PBXFileReference; fileEncoding = 4; lastKnownFileType = sourcecode.swift; path = ScheduleViewController.swift; sourceTree = "<group>"; };
		7299C3E71E8447C10092D9C1 /* CellFive.swift */ = {isa = PBXFileReference; fileEncoding = 4; lastKnownFileType = sourcecode.swift; path = CellFive.swift; sourceTree = "<group>"; };
		85D5E299C3D9DB96B8D93F6B /* Pods-NewBusSchedule.debug.xcconfig */ = {isa = PBXFileReference; includeInIndex = 1; lastKnownFileType = text.xcconfig; name = "Pods-NewBusSchedule.debug.xcconfig"; path = "Pods/Target Support Files/Pods-NewBusSchedule/Pods-NewBusSchedule.debug.xcconfig"; sourceTree = "<group>"; };
		C250EF9013030943AC2683DF /* Pods_NewBusSchedule.framework */ = {isa = PBXFileReference; explicitFileType = wrapper.framework; includeInIndex = 0; path = Pods_NewBusSchedule.framework; sourceTree = BUILT_PRODUCTS_DIR; };
		C7CC6C7AE0997D3B35D80D74 /* Pods_NewBusScheduleUITests.framework */ = {isa = PBXFileReference; explicitFileType = wrapper.framework; includeInIndex = 0; path = Pods_NewBusScheduleUITests.framework; sourceTree = BUILT_PRODUCTS_DIR; };
/* End PBXFileReference section */

/* Begin PBXFrameworksBuildPhase section */
		7299C3B11E83E19F0092D9C1 /* Frameworks */ = {
			isa = PBXFrameworksBuildPhase;
			buildActionMask = 2147483647;
			files = (
				3627701389E2A286B25B7AB5 /* Pods_NewBusSchedule.framework in Frameworks */,
			);
			runOnlyForDeploymentPostprocessing = 0;
		};
		7299C3C51E83E19F0092D9C1 /* Frameworks */ = {
			isa = PBXFrameworksBuildPhase;
			buildActionMask = 2147483647;
			files = (
			);
			runOnlyForDeploymentPostprocessing = 0;
		};
		7299C3D01E83E19F0092D9C1 /* Frameworks */ = {
			isa = PBXFrameworksBuildPhase;
			buildActionMask = 2147483647;
			files = (
			);
			runOnlyForDeploymentPostprocessing = 0;
		};
/* End PBXFrameworksBuildPhase section */

/* Begin PBXGroup section */
		58D7E20D7A993B1F56990574 /* Pods */ = {
			isa = PBXGroup;
			children = (
				85D5E299C3D9DB96B8D93F6B /* Pods-NewBusSchedule.debug.xcconfig */,
				21250B3E66EF732719A96931 /* Pods-NewBusSchedule.release.xcconfig */,
			);
			name = Pods;
			sourceTree = "<group>";
		};
		69DEBA1FED3E9BFAB4AE2A4E /* Frameworks */ = {
			isa = PBXGroup;
			children = (
				C250EF9013030943AC2683DF /* Pods_NewBusSchedule.framework */,
				4BE063626E6E4F7E4F2C01F4 /* Pods_NewBusScheduleTests.framework */,
				C7CC6C7AE0997D3B35D80D74 /* Pods_NewBusScheduleUITests.framework */,
			);
			name = Frameworks;
			sourceTree = "<group>";
		};
		7264277D1E8E65B3004C21C5 /* Cells */ = {
			isa = PBXGroup;
			children = (
				7299C3E71E8447C10092D9C1 /* CellFive.swift */,
			);
			name = Cells;
			sourceTree = "<group>";
		};
		7264277E1E8E65D4004C21C5 /* Controller */ = {
			isa = PBXGroup;
			children = (
				72983F5A1E859A8900DADB7E /* InfoViewController.swift */,
				7299C3E51E83E6B70092D9C1 /* ScheduleViewController.swift */,
			);
			name = Controller;
			sourceTree = "<group>";
		};
		7264277F1E8E65EB004C21C5 /* Resourses */ = {
			isa = PBXGroup;
			children = (
			);
			name = Resourses;
			sourceTree = "<group>";
		};
		726427801E8E6CEA004C21C5 /* Models */ = {
			isa = PBXGroup;
			children = (
			);
			name = Models;
			sourceTree = "<group>";
		};
		7299C3AB1E83E19F0092D9C1 = {
			isa = PBXGroup;
			children = (
				7299C3B61E83E19F0092D9C1 /* NewBusSchedule */,
				7299C3B51E83E19F0092D9C1 /* Products */,
				58D7E20D7A993B1F56990574 /* Pods */,
				69DEBA1FED3E9BFAB4AE2A4E /* Frameworks */,
			);
			sourceTree = "<group>";
		};
		7299C3B51E83E19F0092D9C1 /* Products */ = {
			isa = PBXGroup;
			children = (
				7299C3B41E83E19F0092D9C1 /* NewBusSchedule.app */,
				7299C3C81E83E19F0092D9C1 /* NewBusScheduleTests.xctest */,
				7299C3D31E83E19F0092D9C1 /* NewBusScheduleUITests.xctest */,
			);
			name = Products;
			sourceTree = "<group>";
		};
		7299C3B61E83E19F0092D9C1 /* NewBusSchedule */ = {
			isa = PBXGroup;
			children = (
				7264277D1E8E65B3004C21C5 /* Cells */,
				726427801E8E6CEA004C21C5 /* Models */,
				7264277E1E8E65D4004C21C5 /* Controller */,
				7264277F1E8E65EB004C21C5 /* Resourses */,
				7299C3B71E83E19F0092D9C1 /* AppDelegate.swift */,
				726427861E90FA28004C21C5 /* Localizable.strings */,
				7299C3BE1E83E19F0092D9C1 /* Assets.xcassets */,
				7299C3C01E83E19F0092D9C1 /* LaunchScreen.storyboard */,
				7299C3BB1E83E19F0092D9C1 /* Main.storyboard */,
				7299C3C31E83E19F0092D9C1 /* Info.plist */,
			);
			path = NewBusSchedule;
			sourceTree = "<group>";
		};
/* End PBXGroup section */

/* Begin PBXNativeTarget section */
		7299C3B31E83E19F0092D9C1 /* NewBusSchedule */ = {
			isa = PBXNativeTarget;
			buildConfigurationList = 7299C3DC1E83E19F0092D9C1 /* Build configuration list for PBXNativeTarget "NewBusSchedule" */;
			buildPhases = (
				BFD4DDA663779F7810CEB946 /* [CP] Check Pods Manifest.lock */,
				7299C3B01E83E19F0092D9C1 /* Sources */,
				7299C3B11E83E19F0092D9C1 /* Frameworks */,
				7299C3B21E83E19F0092D9C1 /* Resources */,
				3E1393F29E6F83FC13B8FFBA /* [CP] Embed Pods Frameworks */,
				359B6BF1CA5687878939D104 /* [CP] Copy Pods Resources */,
				72983F5F1E86BA3900DADB7E /* Embed Frameworks */,
			);
			buildRules = (
			);
			dependencies = (
			);
			name = NewBusSchedule;
			productName = NewBusSchedule;
			productReference = 7299C3B41E83E19F0092D9C1 /* NewBusSchedule.app */;
			productType = "com.apple.product-type.application";
		};
		7299C3C71E83E19F0092D9C1 /* NewBusScheduleTests */ = {
			isa = PBXNativeTarget;
			buildConfigurationList = 7299C3DF1E83E19F0092D9C1 /* Build configuration list for PBXNativeTarget "NewBusScheduleTests" */;
			buildPhases = (
				7299C3C41E83E19F0092D9C1 /* Sources */,
				7299C3C51E83E19F0092D9C1 /* Frameworks */,
				7299C3C61E83E19F0092D9C1 /* Resources */,
			);
			buildRules = (
			);
			dependencies = (
				7299C3CA1E83E19F0092D9C1 /* PBXTargetDependency */,
			);
			name = NewBusScheduleTests;
			productName = NewBusScheduleTests;
			productReference = 7299C3C81E83E19F0092D9C1 /* NewBusScheduleTests.xctest */;
			productType = "com.apple.product-type.bundle.unit-test";
		};
		7299C3D21E83E19F0092D9C1 /* NewBusScheduleUITests */ = {
			isa = PBXNativeTarget;
			buildConfigurationList = 7299C3E21E83E19F0092D9C1 /* Build configuration list for PBXNativeTarget "NewBusScheduleUITests" */;
			buildPhases = (
				7299C3CF1E83E19F0092D9C1 /* Sources */,
				7299C3D01E83E19F0092D9C1 /* Frameworks */,
				7299C3D11E83E19F0092D9C1 /* Resources */,
			);
			buildRules = (
			);
			dependencies = (
				7299C3D51E83E19F0092D9C1 /* PBXTargetDependency */,
			);
			name = NewBusScheduleUITests;
			productName = NewBusScheduleUITests;
			productReference = 7299C3D31E83E19F0092D9C1 /* NewBusScheduleUITests.xctest */;
			productType = "com.apple.product-type.bundle.ui-testing";
		};
/* End PBXNativeTarget section */

/* Begin PBXProject section */
		7299C3AC1E83E19F0092D9C1 /* Project object */ = {
			isa = PBXProject;
			attributes = {
				LastSwiftUpdateCheck = 0800;
				LastUpgradeCheck = 0830;
				ORGANIZATIONNAME = "Serik Klement";
				TargetAttributes = {
					7299C3B31E83E19F0092D9C1 = {
						CreatedOnToolsVersion = 8.0;
						DevelopmentTeam = 3TX466DVBY;
						ProvisioningStyle = Automatic;
					};
					7299C3C71E83E19F0092D9C1 = {
						CreatedOnToolsVersion = 8.0;
						DevelopmentTeam = 3TX466DVBY;
						ProvisioningStyle = Automatic;
						TestTargetID = 7299C3B31E83E19F0092D9C1;
					};
					7299C3D21E83E19F0092D9C1 = {
						CreatedOnToolsVersion = 8.0;
						DevelopmentTeam = 3TX466DVBY;
						ProvisioningStyle = Automatic;
						TestTargetID = 7299C3B31E83E19F0092D9C1;
					};
				};
			};
			buildConfigurationList = 7299C3AF1E83E19F0092D9C1 /* Build configuration list for PBXProject "NewBusSchedule" */;
			compatibilityVersion = "Xcode 3.2";
			developmentRegion = English;
			hasScannedForEncodings = 0;
			knownRegions = (
				en,
				Base,
			);
			mainGroup = 7299C3AB1E83E19F0092D9C1;
			productRefGroup = 7299C3B51E83E19F0092D9C1 /* Products */;
			projectDirPath = "";
			projectRoot = "";
			targets = (
				7299C3B31E83E19F0092D9C1 /* NewBusSchedule */,
				7299C3C71E83E19F0092D9C1 /* NewBusScheduleTests */,
				7299C3D21E83E19F0092D9C1 /* NewBusScheduleUITests */,
			);
		};
/* End PBXProject section */

/* Begin PBXResourcesBuildPhase section */
		7299C3B21E83E19F0092D9C1 /* Resources */ = {
			isa = PBXResourcesBuildPhase;
			buildActionMask = 2147483647;
			files = (
				7299C3C21E83E19F0092D9C1 /* LaunchScreen.storyboard in Resources */,
				726427871E90FA28004C21C5 /* Localizable.strings in Resources */,
				7299C3BF1E83E19F0092D9C1 /* Assets.xcassets in Resources */,
				7299C3BD1E83E19F0092D9C1 /* Main.storyboard in Resources */,
			);
			runOnlyForDeploymentPostprocessing = 0;
		};
		7299C3C61E83E19F0092D9C1 /* Resources */ = {
			isa = PBXResourcesBuildPhase;
			buildActionMask = 2147483647;
			files = (
			);
			runOnlyForDeploymentPostprocessing = 0;
		};
		7299C3D11E83E19F0092D9C1 /* Resources */ = {
			isa = PBXResourcesBuildPhase;
			buildActionMask = 2147483647;
			files = (
			);
			runOnlyForDeploymentPostprocessing = 0;
		};
/* End PBXResourcesBuildPhase section */

/* Begin PBXShellScriptBuildPhase section */
		359B6BF1CA5687878939D104 /* [CP] Copy Pods Resources */ = {
			isa = PBXShellScriptBuildPhase;
			buildActionMask = 2147483647;
			files = (
			);
			inputPaths = (
			);
			name = "[CP] Copy Pods Resources";
			outputPaths = (
			);
			runOnlyForDeploymentPostprocessing = 0;
			shellPath = /bin/sh;
			shellScript = "\"${SRCROOT}/Pods/Target Support Files/Pods-NewBusSchedule/Pods-NewBusSchedule-resources.sh\"\n";
			showEnvVarsInLog = 0;
		};
		3E1393F29E6F83FC13B8FFBA /* [CP] Embed Pods Frameworks */ = {
			isa = PBXShellScriptBuildPhase;
			buildActionMask = 2147483647;
			files = (
			);
			inputPaths = (
			);
			name = "[CP] Embed Pods Frameworks";
			outputPaths = (
			);
			runOnlyForDeploymentPostprocessing = 0;
			shellPath = /bin/sh;
			shellScript = "\"${SRCROOT}/Pods/Target Support Files/Pods-NewBusSchedule/Pods-NewBusSchedule-frameworks.sh\"\n";
			showEnvVarsInLog = 0;
		};
		BFD4DDA663779F7810CEB946 /* [CP] Check Pods Manifest.lock */ = {
			isa = PBXShellScriptBuildPhase;
			buildActionMask = 2147483647;
			files = (
			);
			inputPaths = (
			);
			name = "[CP] Check Pods Manifest.lock";
			outputPaths = (
			);
			runOnlyForDeploymentPostprocessing = 0;
			shellPath = /bin/sh;
			shellScript = "diff \"${PODS_ROOT}/../Podfile.lock\" \"${PODS_ROOT}/Manifest.lock\" > /dev/null\nif [ $? != 0 ] ; then\n    # print error to STDERR\n    echo \"error: The sandbox is not in sync with the Podfile.lock. Run 'pod install' or update your CocoaPods installation.\" >&2\n    exit 1\nfi\n";
			showEnvVarsInLog = 0;
		};
/* End PBXShellScriptBuildPhase section */

/* Begin PBXSourcesBuildPhase section */
		7299C3B01E83E19F0092D9C1 /* Sources */ = {
			isa = PBXSourcesBuildPhase;
			buildActionMask = 2147483647;
			files = (
				7299C3B81E83E19F0092D9C1 /* AppDelegate.swift in Sources */,
				7299C3E81E8447C10092D9C1 /* CellFive.swift in Sources */,
				72983F5B1E859A8900DADB7E /* InfoViewController.swift in Sources */,
				7299C3E61E83E6B70092D9C1 /* ScheduleViewController.swift in Sources */,
			);
			runOnlyForDeploymentPostprocessing = 0;
		};
		7299C3C41E83E19F0092D9C1 /* Sources */ = {
			isa = PBXSourcesBuildPhase;
			buildActionMask = 2147483647;
			files = (
			);
			runOnlyForDeploymentPostprocessing = 0;
		};
		7299C3CF1E83E19F0092D9C1 /* Sources */ = {
			isa = PBXSourcesBuildPhase;
			buildActionMask = 2147483647;
			files = (
			);
			runOnlyForDeploymentPostprocessing = 0;
		};
/* End PBXSourcesBuildPhase section */

/* Begin PBXTargetDependency section */
		7299C3CA1E83E19F0092D9C1 /* PBXTargetDependency */ = {
			isa = PBXTargetDependency;
			target = 7299C3B31E83E19F0092D9C1 /* NewBusSchedule */;
			targetProxy = 7299C3C91E83E19F0092D9C1 /* PBXContainerItemProxy */;
		};
		7299C3D51E83E19F0092D9C1 /* PBXTargetDependency */ = {
			isa = PBXTargetDependency;
			target = 7299C3B31E83E19F0092D9C1 /* NewBusSchedule */;
			targetProxy = 7299C3D41E83E19F0092D9C1 /* PBXContainerItemProxy */;
		};
/* End PBXTargetDependency section */

/* Begin PBXVariantGroup section */
		7299C3BB1E83E19F0092D9C1 /* Main.storyboard */ = {
			isa = PBXVariantGroup;
			children = (
				7299C3BC1E83E19F0092D9C1 /* Base */,
			);
			name = Main.storyboard;
			sourceTree = "<group>";
		};
		7299C3C01E83E19F0092D9C1 /* LaunchScreen.storyboard */ = {
			isa = PBXVariantGroup;
			children = (
				7299C3C11E83E19F0092D9C1 /* Base */,
			);
			name = LaunchScreen.storyboard;
			sourceTree = "<group>";
		};
/* End PBXVariantGroup section */

/* Begin XCBuildConfiguration section */
		7299C3DA1E83E19F0092D9C1 /* Debug */ = {
			isa = XCBuildConfiguration;
			buildSettings = {
				ALWAYS_SEARCH_USER_PATHS = NO;
				CLANG_ANALYZER_NONNULL = YES;
				CLANG_CXX_LANGUAGE_STANDARD = "gnu++0x";
				CLANG_CXX_LIBRARY = "libc++";
				CLANG_ENABLE_MODULES = YES;
				CLANG_ENABLE_OBJC_ARC = YES;
				CLANG_WARN_BOOL_CONVERSION = YES;
				CLANG_WARN_CONSTANT_CONVERSION = YES;
				CLANG_WARN_DIRECT_OBJC_ISA_USAGE = YES_ERROR;
				CLANG_WARN_DOCUMENTATION_COMMENTS = YES;
				CLANG_WARN_EMPTY_BODY = YES;
				CLANG_WARN_ENUM_CONVERSION = YES;
				CLANG_WARN_INFINITE_RECURSION = YES;
				CLANG_WARN_INT_CONVERSION = YES;
				CLANG_WARN_OBJC_ROOT_CLASS = YES_ERROR;
				CLANG_WARN_SUSPICIOUS_MOVE = YES;
				CLANG_WARN_SUSPICIOUS_MOVES = YES;
				CLANG_WARN_UNREACHABLE_CODE = YES;
				CLANG_WARN__DUPLICATE_METHOD_MATCH = YES;
				"CODE_SIGN_IDENTITY[sdk=iphoneos*]" = "iPhone Developer";
				COPY_PHASE_STRIP = NO;
				DEBUG_INFORMATION_FORMAT = dwarf;
				ENABLE_STRICT_OBJC_MSGSEND = YES;
				ENABLE_TESTABILITY = YES;
				GCC_C_LANGUAGE_STANDARD = gnu99;
				GCC_DYNAMIC_NO_PIC = NO;
				GCC_NO_COMMON_BLOCKS = YES;
				GCC_OPTIMIZATION_LEVEL = 0;
				GCC_PREPROCESSOR_DEFINITIONS = (
					"DEBUG=1",
					"$(inherited)",
				);
				GCC_WARN_64_TO_32_BIT_CONVERSION = YES;
				GCC_WARN_ABOUT_RETURN_TYPE = YES_ERROR;
				GCC_WARN_UNDECLARED_SELECTOR = YES;
				GCC_WARN_UNINITIALIZED_AUTOS = YES_AGGRESSIVE;
				GCC_WARN_UNUSED_FUNCTION = YES;
				GCC_WARN_UNUSED_VARIABLE = YES;
				IPHONEOS_DEPLOYMENT_TARGET = 10.0;
				MTL_ENABLE_DEBUG_INFO = YES;
				ONLY_ACTIVE_ARCH = YES;
				SDKROOT = iphoneos;
				SWIFT_ACTIVE_COMPILATION_CONDITIONS = DEBUG;
				SWIFT_OPTIMIZATION_LEVEL = "-Onone";
			};
			name = Debug;
		};
		7299C3DB1E83E19F0092D9C1 /* Release */ = {
			isa = XCBuildConfiguration;
			buildSettings = {
				ALWAYS_SEARCH_USER_PATHS = NO;
				CLANG_ANALYZER_NONNULL = YES;
				CLANG_CXX_LANGUAGE_STANDARD = "gnu++0x";
				CLANG_CXX_LIBRARY = "libc++";
				CLANG_ENABLE_MODULES = YES;
				CLANG_ENABLE_OBJC_ARC = YES;
				CLANG_WARN_BOOL_CONVERSION = YES;
				CLANG_WARN_CONSTANT_CONVERSION = YES;
				CLANG_WARN_DIRECT_OBJC_ISA_USAGE = YES_ERROR;
				CLANG_WARN_DOCUMENTATION_COMMENTS = YES;
				CLANG_WARN_EMPTY_BODY = YES;
				CLANG_WARN_ENUM_CONVERSION = YES;
				CLANG_WARN_INFINITE_RECURSION = YES;
				CLANG_WARN_INT_CONVERSION = YES;
				CLANG_WARN_OBJC_ROOT_CLASS = YES_ERROR;
				CLANG_WARN_SUSPICIOUS_MOVE = YES;
				CLANG_WARN_SUSPICIOUS_MOVES = YES;
				CLANG_WARN_UNREACHABLE_CODE = YES;
				CLANG_WARN__DUPLICATE_METHOD_MATCH = YES;
				"CODE_SIGN_IDENTITY[sdk=iphoneos*]" = "iPhone Developer";
				COPY_PHASE_STRIP = NO;
				DEBUG_INFORMATION_FORMAT = "dwarf-with-dsym";
				ENABLE_NS_ASSERTIONS = NO;
				ENABLE_STRICT_OBJC_MSGSEND = YES;
				GCC_C_LANGUAGE_STANDARD = gnu99;
				GCC_NO_COMMON_BLOCKS = YES;
				GCC_WARN_64_TO_32_BIT_CONVERSION = YES;
				GCC_WARN_ABOUT_RETURN_TYPE = YES_ERROR;
				GCC_WARN_UNDECLARED_SELECTOR = YES;
				GCC_WARN_UNINITIALIZED_AUTOS = YES_AGGRESSIVE;
				GCC_WARN_UNUSED_FUNCTION = YES;
				GCC_WARN_UNUSED_VARIABLE = YES;
				IPHONEOS_DEPLOYMENT_TARGET = 10.0;
				MTL_ENABLE_DEBUG_INFO = NO;
				SDKROOT = iphoneos;
				SWIFT_OPTIMIZATION_LEVEL = "-Owholemodule";
				VALIDATE_PRODUCT = YES;
			};
			name = Release;
		};
		7299C3DD1E83E19F0092D9C1 /* Debug */ = {
			isa = XCBuildConfiguration;
			baseConfigurationReference = 85D5E299C3D9DB96B8D93F6B /* Pods-NewBusSchedule.debug.xcconfig */;
			buildSettings = {
				ASSETCATALOG_COMPILER_APPICON_NAME = AppIcon;
				DEVELOPMENT_TEAM = 3TX466DVBY;
				INFOPLIST_FILE = NewBusSchedule/Info.plist;
				LD_RUNPATH_SEARCH_PATHS = "$(inherited) @executable_path/Frameworks";
				PRODUCT_BUNDLE_IDENTIFIER = com.SerikKlement.NewBusSchedule;
				PRODUCT_NAME = "$(TARGET_NAME)";
				SWIFT_VERSION = 3.0;
			};
			name = Debug;
		};
		7299C3DE1E83E19F0092D9C1 /* Release */ = {
			isa = XCBuildConfiguration;
			baseConfigurationReference = 21250B3E66EF732719A96931 /* Pods-NewBusSchedule.release.xcconfig */;
			buildSettings = {
				ASSETCATALOG_COMPILER_APPICON_NAME = AppIcon;
				DEVELOPMENT_TEAM = 3TX466DVBY;
				INFOPLIST_FILE = NewBusSchedule/Info.plist;
				LD_RUNPATH_SEARCH_PATHS = "$(inherited) @executable_path/Frameworks";
				PRODUCT_BUNDLE_IDENTIFIER = com.SerikKlement.NewBusSchedule;
				PRODUCT_NAME = "$(TARGET_NAME)";
				SWIFT_VERSION = 3.0;
			};
			name = Release;
		};
		7299C3E01E83E19F0092D9C1 /* Debug */ = {
			isa = XCBuildConfiguration;
			buildSettings = {
				ALWAYS_EMBED_SWIFT_STANDARD_LIBRARIES = YES;
				BUNDLE_LOADER = "$(TEST_HOST)";
				DEVELOPMENT_TEAM = 3TX466DVBY;
				INFOPLIST_FILE = NewBusScheduleTests/Info.plist;
				LD_RUNPATH_SEARCH_PATHS = "$(inherited) @executable_path/Frameworks @loader_path/Frameworks";
				PRODUCT_BUNDLE_IDENTIFIER = com.SerikKlement.NewBusScheduleTests;
				PRODUCT_NAME = "$(TARGET_NAME)";
				SWIFT_VERSION = 3.0;
				TEST_HOST = "$(BUILT_PRODUCTS_DIR)/NewBusSchedule.app/NewBusSchedule";
			};
			name = Debug;
		};
		7299C3E11E83E19F0092D9C1 /* Release */ = {
			isa = XCBuildConfiguration;
			buildSettings = {
				ALWAYS_EMBED_SWIFT_STANDARD_LIBRARIES = YES;
				BUNDLE_LOADER = "$(TEST_HOST)";
				DEVELOPMENT_TEAM = 3TX466DVBY;
				INFOPLIST_FILE = NewBusScheduleTests/Info.plist;
				LD_RUNPATH_SEARCH_PATHS = "$(inherited) @executable_path/Frameworks @loader_path/Frameworks";
				PRODUCT_BUNDLE_IDENTIFIER = com.SerikKlement.NewBusScheduleTests;
				PRODUCT_NAME = "$(TARGET_NAME)";
				SWIFT_VERSION = 3.0;
				TEST_HOST = "$(BUILT_PRODUCTS_DIR)/NewBusSchedule.app/NewBusSchedule";
			};
			name = Release;
		};
		7299C3E31E83E19F0092D9C1 /* Debug */ = {
			isa = XCBuildConfiguration;
			buildSettings = {
				ALWAYS_EMBED_SWIFT_STANDARD_LIBRARIES = YES;
				DEVELOPMENT_TEAM = 3TX466DVBY;
				INFOPLIST_FILE = NewBusScheduleUITests/Info.plist;
				LD_RUNPATH_SEARCH_PATHS = "$(inherited) @executable_path/Frameworks @loader_path/Frameworks";
				PRODUCT_BUNDLE_IDENTIFIER = com.SerikKlement.NewBusScheduleUITests;
				PRODUCT_NAME = "$(TARGET_NAME)";
				SWIFT_VERSION = 3.0;
				TEST_TARGET_NAME = NewBusSchedule;
			};
			name = Debug;
		};
		7299C3E41E83E19F0092D9C1 /* Release */ = {
			isa = XCBuildConfiguration;
			buildSettings = {
				ALWAYS_EMBED_SWIFT_STANDARD_LIBRARIES = YES;
				DEVELOPMENT_TEAM = 3TX466DVBY;
				INFOPLIST_FILE = NewBusScheduleUITests/Info.plist;
				LD_RUNPATH_SEARCH_PATHS = "$(inherited) @executable_path/Frameworks @loader_path/Frameworks";
				PRODUCT_BUNDLE_IDENTIFIER = com.SerikKlement.NewBusScheduleUITests;
				PRODUCT_NAME = "$(TARGET_NAME)";
				SWIFT_VERSION = 3.0;
				TEST_TARGET_NAME = NewBusSchedule;
			};
			name = Release;
		};
/* End XCBuildConfiguration section */

/* Begin XCConfigurationList section */
		7299C3AF1E83E19F0092D9C1 /* Build configuration list for PBXProject "NewBusSchedule" */ = {
			isa = XCConfigurationList;
			buildConfigurations = (
				7299C3DA1E83E19F0092D9C1 /* Debug */,
				7299C3DB1E83E19F0092D9C1 /* Release */,
			);
			defaultConfigurationIsVisible = 0;
			defaultConfigurationName = Release;
		};
		7299C3DC1E83E19F0092D9C1 /* Build configuration list for PBXNativeTarget "NewBusSchedule" */ = {
			isa = XCConfigurationList;
			buildConfigurations = (
				7299C3DD1E83E19F0092D9C1 /* Debug */,
				7299C3DE1E83E19F0092D9C1 /* Release */,
			);
			defaultConfigurationIsVisible = 0;
			defaultConfigurationName = Release;
		};
		7299C3DF1E83E19F0092D9C1 /* Build configuration list for PBXNativeTarget "NewBusScheduleTests" */ = {
			isa = XCConfigurationList;
			buildConfigurations = (
				7299C3E01E83E19F0092D9C1 /* Debug */,
				7299C3E11E83E19F0092D9C1 /* Release */,
			);
			defaultConfigurationIsVisible = 0;
			defaultConfigurationName = Release;
		};
		7299C3E21E83E19F0092D9C1 /* Build configuration list for PBXNativeTarget "NewBusScheduleUITests" */ = {
			isa = XCConfigurationList;
			buildConfigurations = (
				7299C3E31E83E19F0092D9C1 /* Debug */,
				7299C3E41E83E19F0092D9C1 /* Release */,
			);
			defaultConfigurationIsVisible = 0;
			defaultConfigurationName = Release;
		};
/* End XCConfigurationList section */
	};
	rootObject = 7299C3AC1E83E19F0092D9C1 /* Project object */;
}
